
Microsoft Visual Studio Solution File, Format Version 12.00
# Visual Studio Version 17
VisualStudioVersion = 17.4.33110.190
MinimumVisualStudioVersion = 10.0.40219.1
Project("{2150E333-8FDC-42A3-9474-1A3956D46DE8}") = "Services", "Services", "{45157F56-3CA5-41CC-ACEF-0429B9A4FB07}"
EndProject
Project("{2150E333-8FDC-42A3-9474-1A3956D46DE8}") = "Catalog", "Catalog", "{BDB8C8F6-A668-49C5-9657-C2FF49B399FB}"
EndProject
Project("{9A19103F-16F7-4668-BE54-9A1E7A4F7556}") = "Catalog.API", "Services\Catalog\Catalog.API\Catalog.API.csproj", "{19B4C74C-5EE4-48BC-A739-0488A39C811A}"
EndProject
Project("{E53339B2-1760-4266-BCC7-CA923CBCF16C}") = "docker-compose", "docker-compose.dcproj", "{D4DA4318-F2E5-4C23-AB74-FA8715B71390}"
EndProject
Project("{2150E333-8FDC-42A3-9474-1A3956D46DE8}") = "Basket", "Basket", "{6B11AB2A-E790-476A-9FBE-CDD744292EC9}"
EndProject
Project("{9A19103F-16F7-4668-BE54-9A1E7A4F7556}") = "Basket.API", "Services\Basket\Basket.API\Basket.API.csproj", "{AC227A4B-5B71-424A-B417-9FEE0D4DDF2A}"
EndProject
Project("{2150E333-8FDC-42A3-9474-1A3956D46DE8}") = "Discount", "Discount", "{6FD07E11-A9C0-4E29-962F-5C0567A5F14E}"
EndProject
Project("{9A19103F-16F7-4668-BE54-9A1E7A4F7556}") = "Discount.API", "Services\Discount\Discount.API\Discount.API.csproj", "{F0F2119B-2FBF-438B-88E0-126EBC6EB375}"
EndProject
Project("{9A19103F-16F7-4668-BE54-9A1E7A4F7556}") = "Discount.Grpc", "Services\Discount\Discount.Grpc\Discount.Grpc.csproj", "{8933B82E-30CE-457A-B746-BBE62285A75E}"
EndProject
Project("{2150E333-8FDC-42A3-9474-1A3956D46DE8}") = "Ordering", "Ordering", "{FD888D09-C051-4403-B40B-7106810D2073}"
EndProject
Project("{9A19103F-16F7-4668-BE54-9A1E7A4F7556}") = "Ordering.API", "Services\Ordering\Ordering.API\Ordering.API.csproj", "{D9849940-C52B-4A7B-9176-05E63F675E48}"
EndProject
Project("{9A19103F-16F7-4668-BE54-9A1E7A4F7556}") = "Ordering.Domain", "Services\Ordering\Ordering.Domain\Ordering.Domain.csproj", "{ECAFAB62-B693-428B-A3D6-32A2725D7546}"
EndProject
Project("{9A19103F-16F7-4668-BE54-9A1E7A4F7556}") = "Ordering.Application", "Services\Ordering\Ordering.Application\Ordering.Application.csproj", "{2E4C9A80-EAF5-4C5B-A8D5-DB4C85CCE796}"
EndProject
Project("{9A19103F-16F7-4668-BE54-9A1E7A4F7556}") = "Ordering.Infrastructure", "Services\Ordering\Ordering.Infrastructure\Ordering.Infrastructure.csproj", "{23474446-D64A-41F7-86B4-9421CAA36619}"
EndProject
Project("{2150E333-8FDC-42A3-9474-1A3956D46DE8}") = "BuildingBlocks", "BuildingBlocks", "{7ED32DCB-6BF4-489F-97A0-839346138D52}"
EndProject
Project("{9A19103F-16F7-4668-BE54-9A1E7A4F7556}") = "EventBus.Messages", "BuildingBlocks\EventBus.Messages\EventBus.Messages.csproj", "{CE5AFC9A-68E8-4998-9F2B-2F8BAEB85BF8}"
EndProject
Project("{2150E333-8FDC-42A3-9474-1A3956D46DE8}") = "ApiGateways", "ApiGateways", "{F7B8A0C4-782F-4746-B0FD-66CCDD0BA45D}"
EndProject
Project("{FAE04EC0-301F-11D3-BF4B-00C04F79EFBC}") = "OcelotApiGw", "ApiGateways\OcelotApiGw\OcelotApiGw.csproj", "{2DAD0986-EA68-42EA-956F-0F198F0B3FA1}"
EndProject
Global
	GlobalSection(SolutionConfigurationPlatforms) = preSolution
		Debug|Any CPU = Debug|Any CPU
		Release|Any CPU = Release|Any CPU
	EndGlobalSection
	GlobalSection(ProjectConfigurationPlatforms) = postSolution
		{19B4C74C-5EE4-48BC-A739-0488A39C811A}.Debug|Any CPU.ActiveCfg = Debug|Any CPU
		{19B4C74C-5EE4-48BC-A739-0488A39C811A}.Debug|Any CPU.Build.0 = Debug|Any CPU
		{19B4C74C-5EE4-48BC-A739-0488A39C811A}.Release|Any CPU.ActiveCfg = Release|Any CPU
		{19B4C74C-5EE4-48BC-A739-0488A39C811A}.Release|Any CPU.Build.0 = Release|Any CPU
		{D4DA4318-F2E5-4C23-AB74-FA8715B71390}.Debug|Any CPU.ActiveCfg = Debug|Any CPU
		{D4DA4318-F2E5-4C23-AB74-FA8715B71390}.Debug|Any CPU.Build.0 = Debug|Any CPU
		{D4DA4318-F2E5-4C23-AB74-FA8715B71390}.Release|Any CPU.ActiveCfg = Release|Any CPU
		{D4DA4318-F2E5-4C23-AB74-FA8715B71390}.Release|Any CPU.Build.0 = Release|Any CPU
		{AC227A4B-5B71-424A-B417-9FEE0D4DDF2A}.Debug|Any CPU.ActiveCfg = Debug|Any CPU
		{AC227A4B-5B71-424A-B417-9FEE0D4DDF2A}.Debug|Any CPU.Build.0 = Debug|Any CPU
		{AC227A4B-5B71-424A-B417-9FEE0D4DDF2A}.Release|Any CPU.ActiveCfg = Release|Any CPU
		{AC227A4B-5B71-424A-B417-9FEE0D4DDF2A}.Release|Any CPU.Build.0 = Release|Any CPU
		{F0F2119B-2FBF-438B-88E0-126EBC6EB375}.Debug|Any CPU.ActiveCfg = Debug|Any CPU
		{F0F2119B-2FBF-438B-88E0-126EBC6EB375}.Debug|Any CPU.Build.0 = Debug|Any CPU
		{F0F2119B-2FBF-438B-88E0-126EBC6EB375}.Release|Any CPU.ActiveCfg = Release|Any CPU
		{F0F2119B-2FBF-438B-88E0-126EBC6EB375}.Release|Any CPU.Build.0 = Release|Any CPU
		{8933B82E-30CE-457A-B746-BBE62285A75E}.Debug|Any CPU.ActiveCfg = Debug|Any CPU
		{8933B82E-30CE-457A-B746-BBE62285A75E}.Debug|Any CPU.Build.0 = Debug|Any CPU
		{8933B82E-30CE-457A-B746-BBE62285A75E}.Release|Any CPU.ActiveCfg = Release|Any CPU
		{8933B82E-30CE-457A-B746-BBE62285A75E}.Release|Any CPU.Build.0 = Release|Any CPU
		{D9849940-C52B-4A7B-9176-05E63F675E48}.Debug|Any CPU.ActiveCfg = Debug|Any CPU
		{D9849940-C52B-4A7B-9176-05E63F675E48}.Debug|Any CPU.Build.0 = Debug|Any CPU
		{D9849940-C52B-4A7B-9176-05E63F675E48}.Release|Any CPU.ActiveCfg = Release|Any CPU
		{D9849940-C52B-4A7B-9176-05E63F675E48}.Release|Any CPU.Build.0 = Release|Any CPU
		{ECAFAB62-B693-428B-A3D6-32A2725D7546}.Debug|Any CPU.ActiveCfg = Debug|Any CPU
		{ECAFAB62-B693-428B-A3D6-32A2725D7546}.Debug|Any CPU.Build.0 = Debug|Any CPU
		{ECAFAB62-B693-428B-A3D6-32A2725D7546}.Release|Any CPU.ActiveCfg = Release|Any CPU
		{ECAFAB62-B693-428B-A3D6-32A2725D7546}.Release|Any CPU.Build.0 = Release|Any CPU
		{2E4C9A80-EAF5-4C5B-A8D5-DB4C85CCE796}.Debug|Any CPU.ActiveCfg = Debug|Any CPU
		{2E4C9A80-EAF5-4C5B-A8D5-DB4C85CCE796}.Debug|Any CPU.Build.0 = Debug|Any CPU
		{2E4C9A80-EAF5-4C5B-A8D5-DB4C85CCE796}.Release|Any CPU.ActiveCfg = Release|Any CPU
		{2E4C9A80-EAF5-4C5B-A8D5-DB4C85CCE796}.Release|Any CPU.Build.0 = Release|Any CPU
		{23474446-D64A-41F7-86B4-9421CAA36619}.Debug|Any CPU.ActiveCfg = Debug|Any CPU
		{23474446-D64A-41F7-86B4-9421CAA36619}.Debug|Any CPU.Build.0 = Debug|Any CPU
		{23474446-D64A-41F7-86B4-9421CAA36619}.Release|Any CPU.ActiveCfg = Release|Any CPU
		{23474446-D64A-41F7-86B4-9421CAA36619}.Release|Any CPU.Build.0 = Release|Any CPU
		{CE5AFC9A-68E8-4998-9F2B-2F8BAEB85BF8}.Debug|Any CPU.ActiveCfg = Debug|Any CPU
		{CE5AFC9A-68E8-4998-9F2B-2F8BAEB85BF8}.Debug|Any CPU.Build.0 = Debug|Any CPU
		{CE5AFC9A-68E8-4998-9F2B-2F8BAEB85BF8}.Release|Any CPU.ActiveCfg = Release|Any CPU
		{CE5AFC9A-68E8-4998-9F2B-2F8BAEB85BF8}.Release|Any CPU.Build.0 = Release|Any CPU
		{2DAD0986-EA68-42EA-956F-0F198F0B3FA1}.Debug|Any CPU.ActiveCfg = Debug|Any CPU
		{2DAD0986-EA68-42EA-956F-0F198F0B3FA1}.Debug|Any CPU.Build.0 = Debug|Any CPU
		{2DAD0986-EA68-42EA-956F-0F198F0B3FA1}.Release|Any CPU.ActiveCfg = Release|Any CPU
		{2DAD0986-EA68-42EA-956F-0F198F0B3FA1}.Release|Any CPU.Build.0 = Release|Any CPU
	EndGlobalSection
	GlobalSection(SolutionProperties) = preSolution
		HideSolutionNode = FALSE
	EndGlobalSection
	GlobalSection(NestedProjects) = preSolution
		{BDB8C8F6-A668-49C5-9657-C2FF49B399FB} = {45157F56-3CA5-41CC-ACEF-0429B9A4FB07}
		{19B4C74C-5EE4-48BC-A739-0488A39C811A} = {BDB8C8F6-A668-49C5-9657-C2FF49B399FB}
		{6B11AB2A-E790-476A-9FBE-CDD744292EC9} = {45157F56-3CA5-41CC-ACEF-0429B9A4FB07}
		{AC227A4B-5B71-424A-B417-9FEE0D4DDF2A} = {6B11AB2A-E790-476A-9FBE-CDD744292EC9}
		{6FD07E11-A9C0-4E29-962F-5C0567A5F14E} = {45157F56-3CA5-41CC-ACEF-0429B9A4FB07}
		{F0F2119B-2FBF-438B-88E0-126EBC6EB375} = {6FD07E11-A9C0-4E29-962F-5C0567A5F14E}
		{8933B82E-30CE-457A-B746-BBE62285A75E} = {6FD07E11-A9C0-4E29-962F-5C0567A5F14E}
		{FD888D09-C051-4403-B40B-7106810D2073} = {45157F56-3CA5-41CC-ACEF-0429B9A4FB07}
		{D9849940-C52B-4A7B-9176-05E63F675E48} = {FD888D09-C051-4403-B40B-7106810D2073}
		{ECAFAB62-B693-428B-A3D6-32A2725D7546} = {FD888D09-C051-4403-B40B-7106810D2073}
		{2E4C9A80-EAF5-4C5B-A8D5-DB4C85CCE796} = {FD888D09-C051-4403-B40B-7106810D2073}
		{23474446-D64A-41F7-86B4-9421CAA36619} = {FD888D09-C051-4403-B40B-7106810D2073}
		{CE5AFC9A-68E8-4998-9F2B-2F8BAEB85BF8} = {7ED32DCB-6BF4-489F-97A0-839346138D52}
		{2DAD0986-EA68-42EA-956F-0F198F0B3FA1} = {F7B8A0C4-782F-4746-B0FD-66CCDD0BA45D}
	EndGlobalSection
	GlobalSection(ExtensibilityGlobals) = postSolution
		SolutionGuid = {B1F683AA-7E77-4DEA-89A5-7999E88A396F}
	EndGlobalSection
EndGlobal
